
Microsoft Visual Studio Solution File, Format Version 12.00
# Visual Studio 15
VisualStudioVersion = 15.0.28307.168
MinimumVisualStudioVersion = 10.0.40219.1
Project("{8BC9CEB8-8B4A-11D0-8D11-00A0C91BC942}") = "Project2", "Project2\Project2.vcxproj", "{CB4D5882-E67B-4C79-AAB1-E0640AE30687}"
EndProject
Project("{8BC9CEB8-8B4A-11D0-8D11-00A0C91BC942}") = "ppm", "ppm\ppm.vcxproj", "{D00B1EC8-C3B0-4529-8B48-8D07A525B72E}"
EndProject
Global
	GlobalSection(SolutionConfigurationPlatforms) = preSolution
		Debug|x64 = Debug|x64
		Debug|x86 = Debug|x86
		Release|x64 = Release|x64
		Release|x86 = Release|x86
	EndGlobalSection
	GlobalSection(ProjectConfigurationPlatforms) = postSolution
		{CB4D5882-E67B-4C79-AAB1-E0640AE30687}.Debug|x64.ActiveCfg = Debug|x64
		{CB4D5882-E67B-4C79-AAB1-E0640AE30687}.Debug|x64.Build.0 = Debug|x64
		{CB4D5882-E67B-4C79-AAB1-E0640AE30687}.Debug|x86.ActiveCfg = Debug|Win32
		{CB4D5882-E67B-4C79-AAB1-E0640AE30687}.Debug|x86.Build.0 = Debug|Win32
		{CB4D5882-E67B-4C79-AAB1-E0640AE30687}.Release|x64.ActiveCfg = Release|x64
		{CB4D5882-E67B-4C79-AAB1-E0640AE30687}.Release|x64.Build.0 = Release|x64
		{CB4D5882-E67B-4C79-AAB1-E0640AE30687}.Release|x86.ActiveCfg = Release|Win32
		{CB4D5882-E67B-4C79-AAB1-E0640AE30687}.Release|x86.Build.0 = Release|Win32
		{D00B1EC8-C3B0-4529-8B48-8D07A525B72E}.Debug|x64.ActiveCfg = Debug|x64
		{D00B1EC8-C3B0-4529-8B48-8D07A525B72E}.Debug|x64.Build.0 = Debug|x64
		{D00B1EC8-C3B0-4529-8B48-8D07A525B72E}.Debug|x86.ActiveCfg = Debug|Win32
		{D00B1EC8-C3B0-4529-8B48-8D07A525B72E}.Debug|x86.Build.0 = Debug|Win32
		{D00B1EC8-C3B0-4529-8B48-8D07A525B72E}.Release|x64.ActiveCfg = Release|x64
		{D00B1EC8-C3B0-4529-8B48-8D07A525B72E}.Release|x64.Build.0 = Release|x64
		{D00B1EC8-C3B0-4529-8B48-8D07A525B72E}.Release|x86.ActiveCfg = Release|Win32
		{D00B1EC8-C3B0-4529-8B48-8D07A525B72E}.Release|x86.Build.0 = Release|Win32
	EndGlobalSection
	GlobalSection(SolutionProperties) = preSolution
		HideSolutionNode = FALSE
	EndGlobalSection
	GlobalSection(ExtensibilityGlobals) = postSolution
		SolutionGuid = {75A847A8-DA86-48DF-9F49-D555272313C6}
	EndGlobalSection
EndGlobal
